PODS:
  - JPush-extension-iOS (1.1.1)

DEPENDENCIES:
  - JPush-extension-iOS (from `../`)

EXTERNAL SOURCES:
  JPush-extension-iOS:
    :podspec: "../"

SPEC CHECKSUMS:
  JPush-extension-iOS: 418f63cf082d59f255a849973105bbfa74af4ffa

PODFILE CHECKSUM: 089ffb85158c524b27dbdf959555a7a8f5733d6d

COCOAPODS: 1.5.0
